// !$*UTF8*$!
{
	archiveVersion = 1;
	classes = {
	};
	objectVersion = 50;
	objects = {

/* Begin PBXBuildFile section */
		B84AB421209732B6006A988C /* QuestionData.swift in Sources */ = {isa = PBXBuildFile; fileRef = B84AB420209732B6006A988C /* QuestionData.swift */; };
		B85973BD2095AB5F0067EBD3 /* AppDelegate.swift in Sources */ = {isa = PBXBuildFile; fileRef = B85973BC2095AB5F0067EBD3 /* AppDelegate.swift */; };
		B85973BF2095AB5F0067EBD3 /* ViewController.swift in Sources */ = {isa = PBXBuildFile; fileRef = B85973BE2095AB5F0067EBD3 /* ViewController.swift */; };
		B85973C22095AB5F0067EBD3 /* Main.storyboard in Resources */ = {isa = PBXBuildFile; fileRef = B85973C02095AB5F0067EBD3 /* Main.storyboard */; };
		B85973C42095AB610067EBD3 /* Assets.xcassets in Resources */ = {isa = PBXBuildFile; fileRef = B85973C32095AB610067EBD3 /* Assets.xcassets */; };
		B85973C72095AB610067EBD3 /* LaunchScreen.storyboard in Resources */ = {isa = PBXBuildFile; fileRef = B85973C52095AB610067EBD3 /* LaunchScreen.storyboard */; };
		B85973CF2095B0840067EBD3 /* MenuCollectionViewController.swift in Sources */ = {isa = PBXBuildFile; fileRef = B85973CE2095B0840067EBD3 /* MenuCollectionViewController.swift */; };
		B85973D12095BC340067EBD3 /* ImageQuestionViewController.swift in Sources */ = {isa = PBXBuildFile; fileRef = B85973D02095BC340067EBD3 /* ImageQuestionViewController.swift */; };
		B85973D32095C14E0067EBD3 /* Question.swift in Sources */ = {isa = PBXBuildFile; fileRef = B85973D22095C14E0067EBD3 /* Question.swift */; };
		B85973D52095CEA60067EBD3 /* FinishedImageQuestionViewController.swift in Sources */ = {isa = PBXBuildFile; fileRef = B85973D42095CEA60067EBD3 /* FinishedImageQuestionViewController.swift */; };
		B85973D92095D6970067EBD3 /* RightToLeftSegue.swift in Sources */ = {isa = PBXBuildFile; fileRef = B85973D82095D6970067EBD3 /* RightToLeftSegue.swift */; };
		B865566420984FE1000EED37 /* SoundQuestionViewController.swift in Sources */ = {isa = PBXBuildFile; fileRef = B865566320984FE1000EED37 /* SoundQuestionViewController.swift */; };
		B8655666209851F8000EED37 /* Pulsing.swift in Sources */ = {isa = PBXBuildFile; fileRef = B8655665209851F8000EED37 /* Pulsing.swift */; };
		B865567E2098538A000EED37 /* ปิดประตู.mp3 in Resources */ = {isa = PBXBuildFile; fileRef = B865566720985387000EED37 /* ปิดประตู.mp3 */; };
		B865567F2098538A000EED37 /* รถ.mp3 in Resources */ = {isa = PBXBuildFile; fileRef = B865566820985387000EED37 /* รถ.mp3 */; };
		B86556802098538A000EED37 /* เครื่องบิน.mp3 in Resources */ = {isa = PBXBuildFile; fileRef = B865566920985387000EED37 /* เครื่องบิน.mp3 */; };
		B86556812098538A000EED37 /* ช้าง.mp3 in Resources */ = {isa = PBXBuildFile; fileRef = B865566A20985387000EED37 /* ช้าง.mp3 */; };
		B86556822098538A000EED37 /* เป็ด.mp3 in Resources */ = {isa = PBXBuildFile; fileRef = B865566B20985388000EED37 /* เป็ด.mp3 */; };
		B86556832098538A000EED37 /* หมู.mp3 in Resources */ = {isa = PBXBuildFile; fileRef = B865566C20985388000EED37 /* หมู.mp3 */; };
		B86556842098538A000EED37 /* ลิง.mp3 in Resources */ = {isa = PBXBuildFile; fileRef = B865566D20985388000EED37 /* ลิง.mp3 */; };
		B86556852098538A000EED37 /* นกฮูก.mp3 in Resources */ = {isa = PBXBuildFile; fileRef = B865566E20985388000EED37 /* นกฮูก.mp3 */; };
		B86556862098538A000EED37 /* กบ.mp3 in Resources */ = {isa = PBXBuildFile; fileRef = B865566F20985388000EED37 /* กบ.mp3 */; };
		B86556872098538A000EED37 /* ตีกลอง.mp3 in Resources */ = {isa = PBXBuildFile; fileRef = B865567020985388000EED37 /* ตีกลอง.mp3 */; };
		B86556882098538A000EED37 /* รถเบรค.mp3 in Resources */ = {isa = PBXBuildFile; fileRef = B865567120985388000EED37 /* รถเบรค.mp3 */; };
		B86556892098538A000EED37 /* แซ่.mp3 in Resources */ = {isa = PBXBuildFile; fileRef = B865567220985388000EED37 /* แซ่.mp3 */; };
		B865568A2098538A000EED37 /* แมว.mp3 in Resources */ = {isa = PBXBuildFile; fileRef = B865567320985388000EED37 /* แมว.mp3 */; };
		B865568B2098538A000EED37 /* คลื่น.mp3 in Resources */ = {isa = PBXBuildFile; fileRef = B865567420985388000EED37 /* คลื่น.mp3 */; };
		B865568C2098538A000EED37 /* สุนัข.mp3 in Resources */ = {isa = PBXBuildFile; fileRef = B865567520985389000EED37 /* สุนัข.mp3 */; };
		B865568E2098538A000EED37 /* แกะ.mp3 in Resources */ = {isa = PBXBuildFile; fileRef = B865567720985389000EED37 /* แกะ.mp3 */; };
		B865568F2098538A000EED37 /* สนุ๊กเกอร์.mp3 in Resources */ = {isa = PBXBuildFile; fileRef = B865567820985389000EED37 /* สนุ๊กเกอร์.mp3 */; };
		B86556902098538A000EED37 /* ชักดาบ.mp3 in Resources */ = {isa = PBXBuildFile; fileRef = B865567920985389000EED37 /* ชักดาบ.mp3 */; };
		B86556912098538A000EED37 /* ต่อสู้.mp3 in Resources */ = {isa = PBXBuildFile; fileRef = B865567A20985389000EED37 /* ต่อสู้.mp3 */; };
		B86556922098538A000EED37 /* ม้า.mp3 in Resources */ = {isa = PBXBuildFile; fileRef = B865567B20985389000EED37 /* ม้า.mp3 */; };
		B86556932098538A000EED37 /* ตีกอล์ฟ.mp3 in Resources */ = {isa = PBXBuildFile; fileRef = B865567C20985389000EED37 /* ตีกอล์ฟ.mp3 */; };
		B86556942098538A000EED37 /* วัว.mp3 in Resources */ = {isa = PBXBuildFile; fileRef = B865567D2098538A000EED37 /* วัว.mp3 */; };
		B8B85605209B16560078D584 /* PrepareSoundQuestion.storyboard in Resources */ = {isa = PBXBuildFile; fileRef = B8B85603209B16560078D584 /* PrepareSoundQuestion.storyboard */; };
		B8B85607209B17390078D584 /* PrepareImageQuestion.storyboard in Resources */ = {isa = PBXBuildFile; fileRef = B8B85606209B17390078D584 /* PrepareImageQuestion.storyboard */; };
		B8B85609209B177A0078D584 /* ImageQuestion.storyboard in Resources */ = {isa = PBXBuildFile; fileRef = B8B85608209B177A0078D584 /* ImageQuestion.storyboard */; };
		B8B8560C209B17910078D584 /* SoundQuestion.storyboard in Resources */ = {isa = PBXBuildFile; fileRef = B8B8560A209B17910078D584 /* SoundQuestion.storyboard */; };
		B8B8560E209B17DE0078D584 /* FinishPlay.storyboard in Resources */ = {isa = PBXBuildFile; fileRef = B8B8560D209B17DE0078D584 /* FinishPlay.storyboard */; };
/* End PBXBuildFile section */

/* Begin PBXFileReference section */
		B84AB420209732B6006A988C /* QuestionData.swift */ = {isa = PBXFileReference; lastKnownFileType = sourcecode.swift; path = QuestionData.swift; sourceTree = "<group>"; };
		B85973B92095AB5F0067EBD3 /* QuizeGame.app */ = {isa = PBXFileReference; explicitFileType = wrapper.application; includeInIndex = 0; path = QuizeGame.app; sourceTree = BUILT_PRODUCTS_DIR; };
		B85973BC2095AB5F0067EBD3 /* AppDelegate.swift */ = {isa = PBXFileReference; lastKnownFileType = sourcecode.swift; path = AppDelegate.swift; sourceTree = "<group>"; };
		B85973BE2095AB5F0067EBD3 /* ViewController.swift */ = {isa = PBXFileReference; lastKnownFileType = sourcecode.swift; path = ViewController.swift; sourceTree = "<group>"; };
		B85973C12095AB5F0067EBD3 /* Base */ = {isa = PBXFileReference; lastKnownFileType = file.storyboard; name = Base; path = Base.lproj/Main.storyboard; sourceTree = "<group>"; };
		B85973C32095AB610067EBD3 /* Assets.xcassets */ = {isa = PBXFileReference; lastKnownFileType = folder.assetcatalog; path = Assets.xcassets; sourceTree = "<group>"; };
		B85973C62095AB610067EBD3 /* Base */ = {isa = PBXFileReference; lastKnownFileType = file.storyboard; name = Base; path = Base.lproj/LaunchScreen.storyboard; sourceTree = "<group>"; };
		B85973C82095AB610067EBD3 /* Info.plist */ = {isa = PBXFileReference; lastKnownFileType = text.plist.xml; path = Info.plist; sourceTree = "<group>"; };
		B85973CE2095B0840067EBD3 /* MenuCollectionViewController.swift */ = {isa = PBXFileReference; lastKnownFileType = sourcecode.swift; path = MenuCollectionViewController.swift; sourceTree = "<group>"; };
		B85973D02095BC340067EBD3 /* ImageQuestionViewController.swift */ = {isa = PBXFileReference; lastKnownFileType = sourcecode.swift; path = ImageQuestionViewController.swift; sourceTree = "<group>"; };
		B85973D22095C14E0067EBD3 /* Question.swift */ = {isa = PBXFileReference; lastKnownFileType = sourcecode.swift; path = Question.swift; sourceTree = "<group>"; };
		B85973D42095CEA60067EBD3 /* FinishedImageQuestionViewController.swift */ = {isa = PBXFileReference; lastKnownFileType = sourcecode.swift; path = FinishedImageQuestionViewController.swift; sourceTree = "<group>"; };
		B85973D82095D6970067EBD3 /* RightToLeftSegue.swift */ = {isa = PBXFileReference; lastKnownFileType = sourcecode.swift; path = RightToLeftSegue.swift; sourceTree = "<group>"; };
		B865566320984FE1000EED37 /* SoundQuestionViewController.swift */ = {isa = PBXFileReference; lastKnownFileType = sourcecode.swift; path = SoundQuestionViewController.swift; sourceTree = "<group>"; };
		B8655665209851F8000EED37 /* Pulsing.swift */ = {isa = PBXFileReference; lastKnownFileType = sourcecode.swift; path = Pulsing.swift; sourceTree = "<group>"; };
		B865566720985387000EED37 /* ปิดประตู.mp3 */ = {isa = PBXFileReference; lastKnownFileType = audio.mp3; path = "ปิดประตู.mp3"; sourceTree = "<group>"; };
		B865566820985387000EED37 /* รถ.mp3 */ = {isa = PBXFileReference; lastKnownFileType = audio.mp3; path = "รถ.mp3"; sourceTree = "<group>"; };
		B865566920985387000EED37 /* เครื่องบิน.mp3 */ = {isa = PBXFileReference; lastKnownFileType = audio.mp3; path = "เครื่องบิน.mp3"; sourceTree = "<group>"; };
		B865566A20985387000EED37 /* ช้าง.mp3 */ = {isa = PBXFileReference; lastKnownFileType = audio.mp3; path = "ช้าง.mp3"; sourceTree = "<group>"; };
		B865566B20985388000EED37 /* เป็ด.mp3 */ = {isa = PBXFileReference; lastKnownFileType = audio.mp3; path = "เป็ด.mp3"; sourceTree = "<group>"; };
		B865566C20985388000EED37 /* หมู.mp3 */ = {isa = PBXFileReference; lastKnownFileType = audio.mp3; path = "หมู.mp3"; sourceTree = "<group>"; };
		B865566D20985388000EED37 /* ลิง.mp3 */ = {isa = PBXFileReference; lastKnownFileType = audio.mp3; path = "ลิง.mp3"; sourceTree = "<group>"; };
		B865566E20985388000EED37 /* นกฮูก.mp3 */ = {isa = PBXFileReference; lastKnownFileType = audio.mp3; path = "นกฮูก.mp3"; sourceTree = "<group>"; };
		B865566F20985388000EED37 /* กบ.mp3 */ = {isa = PBXFileReference; lastKnownFileType = audio.mp3; path = "กบ.mp3"; sourceTree = "<group>"; };
		B865567020985388000EED37 /* ตีกลอง.mp3 */ = {isa = PBXFileReference; lastKnownFileType = audio.mp3; path = "ตีกลอง.mp3"; sourceTree = "<group>"; };
		B865567120985388000EED37 /* รถเบรค.mp3 */ = {isa = PBXFileReference; lastKnownFileType = audio.mp3; path = "รถเบรค.mp3"; sourceTree = "<group>"; };
		B865567220985388000EED37 /* แซ่.mp3 */ = {isa = PBXFileReference; lastKnownFileType = audio.mp3; path = "แซ่.mp3"; sourceTree = "<group>"; };
		B865567320985388000EED37 /* แมว.mp3 */ = {isa = PBXFileReference; lastKnownFileType = audio.mp3; path = "แมว.mp3"; sourceTree = "<group>"; };
		B865567420985388000EED37 /* คลื่น.mp3 */ = {isa = PBXFileReference; lastKnownFileType = audio.mp3; path = "คลื่น.mp3"; sourceTree = "<group>"; };
		B865567520985389000EED37 /* สุนัข.mp3 */ = {isa = PBXFileReference; lastKnownFileType = audio.mp3; path = "สุนัข.mp3"; sourceTree = "<group>"; };
		B865567720985389000EED37 /* แกะ.mp3 */ = {isa = PBXFileReference; lastKnownFileType = audio.mp3; path = "แกะ.mp3"; sourceTree = "<group>"; };
		B865567820985389000EED37 /* สนุ๊กเกอร์.mp3 */ = {isa = PBXFileReference; lastKnownFileType = audio.mp3; path = "สนุ๊กเกอร์.mp3"; sourceTree = "<group>"; };
		B865567920985389000EED37 /* ชักดาบ.mp3 */ = {isa = PBXFileReference; lastKnownFileType = audio.mp3; path = "ชักดาบ.mp3"; sourceTree = "<group>"; };
		B865567A20985389000EED37 /* ต่อสู้.mp3 */ = {isa = PBXFileReference; lastKnownFileType = audio.mp3; path = "ต่อสู้.mp3"; sourceTree = "<group>"; };
		B865567B20985389000EED37 /* ม้า.mp3 */ = {isa = PBXFileReference; lastKnownFileType = audio.mp3; path = "ม้า.mp3"; sourceTree = "<group>"; };
		B865567C20985389000EED37 /* ตีกอล์ฟ.mp3 */ = {isa = PBXFileReference; lastKnownFileType = audio.mp3; path = "ตีกอล์ฟ.mp3"; sourceTree = "<group>"; };
		B865567D2098538A000EED37 /* วัว.mp3 */ = {isa = PBXFileReference; lastKnownFileType = audio.mp3; path = "วัว.mp3"; sourceTree = "<group>"; };
		B8B85604209B16560078D584 /* Base */ = {isa = PBXFileReference; lastKnownFileType = file.storyboard; name = Base; path = QuizeGame/Views/Base.lproj/PrepareSoundQuestion.storyboard; sourceTree = "<group>"; };
		B8B85606209B17390078D584 /* PrepareImageQuestion.storyboard */ = {isa = PBXFileReference; fileEncoding = 4; lastKnownFileType = file.storyboard; path = PrepareImageQuestion.storyboard; sourceTree = "<group>"; };
		B8B85608209B177A0078D584 /* ImageQuestion.storyboard */ = {isa = PBXFileReference; fileEncoding = 4; lastKnownFileType = file.storyboard; path = ImageQuestion.storyboard; sourceTree = "<group>"; };
		B8B8560B209B17910078D584 /* Base */ = {isa = PBXFileReference; lastKnownFileType = file.storyboard; name = Base; path = QuizeGame/Views/Base.lproj/SoundQuestion.storyboard; sourceTree = "<group>"; };
		B8B8560D209B17DE0078D584 /* FinishPlay.storyboard */ = {isa = PBXFileReference; fileEncoding = 4; lastKnownFileType = file.storyboard; path = FinishPlay.storyboard; sourceTree = "<group>"; };
/* End PBXFileReference section */

/* Begin PBXFrameworksBuildPhase section */
		B85973B62095AB5F0067EBD3 /* Frameworks */ = {
			isa = PBXFrameworksBuildPhase;
			buildActionMask = 2147483647;
			files = (
			);
			runOnlyForDeploymentPostprocessing = 0;
		};
/* End PBXFrameworksBuildPhase section */

/* Begin PBXGroup section */
		B84AB41C2097318C006A988C /* Controllers */ = {
			isa = PBXGroup;
			children = (
				B85973CE2095B0840067EBD3 /* MenuCollectionViewController.swift */,
				B85973D02095BC340067EBD3 /* ImageQuestionViewController.swift */,
				B85973D42095CEA60067EBD3 /* FinishedImageQuestionViewController.swift */,
				B85973BE2095AB5F0067EBD3 /* ViewController.swift */,
				B865566320984FE1000EED37 /* SoundQuestionViewController.swift */,
			);
			path = Controllers;
			sourceTree = "<group>";
		};
		B84AB41D209731B7006A988C /* Views */ = {
			isa = PBXGroup;
			children = (
				B8B8560A209B17910078D584 /* SoundQuestion.storyboard */,
				B8B8560D209B17DE0078D584 /* FinishPlay.storyboard */,
				B8B85608209B177A0078D584 /* ImageQuestion.storyboard */,
				B8B85603209B16560078D584 /* PrepareSoundQuestion.storyboard */,
				B8B85606209B17390078D584 /* PrepareImageQuestion.storyboard */,
				B85973C52095AB610067EBD3 /* LaunchScreen.storyboard */,
				B85973C02095AB5F0067EBD3 /* Main.storyboard */,
			);
			path = Views;
			sourceTree = "<group>";
		};
		B84AB41E209731D0006A988C /* Class */ = {
			isa = PBXGroup;
			children = (
				B85973D82095D6970067EBD3 /* RightToLeftSegue.swift */,
				B85973D22095C14E0067EBD3 /* Question.swift */,
				B8655665209851F8000EED37 /* Pulsing.swift */,
			);
			path = Class;
			sourceTree = "<group>";
		};
		B84AB41F2097326A006A988C /* Datas */ = {
			isa = PBXGroup;
			children = (
				B84AB420209732B6006A988C /* QuestionData.swift */,
			);
			path = Datas;
			sourceTree = "<group>";
		};
		B857995320974BA200D46385 /* Sounds */ = {
			isa = PBXGroup;
			children = (
				B865566F20985388000EED37 /* กบ.mp3 */,
				B865567720985389000EED37 /* แกะ.mp3 */,
				B865567420985388000EED37 /* คลื่น.mp3 */,
				B865566920985387000EED37 /* เครื่องบิน.mp3 */,
				B865567920985389000EED37 /* ชักดาบ.mp3 */,
				B865566A20985387000EED37 /* ช้าง.mp3 */,
				B865567220985388000EED37 /* แซ่.mp3 */,
				B865567A20985389000EED37 /* ต่อสู้.mp3 */,
				B865567020985388000EED37 /* ตีกลอง.mp3 */,
				B865567C20985389000EED37 /* ตีกอล์ฟ.mp3 */,
				B865566E20985388000EED37 /* นกฮูก.mp3 */,
				B865566720985387000EED37 /* ปิดประตู.mp3 */,
				B865566B20985388000EED37 /* เป็ด.mp3 */,
				B865567B20985389000EED37 /* ม้า.mp3 */,
				B865567320985388000EED37 /* แมว.mp3 */,
				B865566820985387000EED37 /* รถ.mp3 */,
				B865567120985388000EED37 /* รถเบรค.mp3 */,
				B865566D20985388000EED37 /* ลิง.mp3 */,
				B865567D2098538A000EED37 /* วัว.mp3 */,
				B865567820985389000EED37 /* สนุ๊กเกอร์.mp3 */,
				B865567520985389000EED37 /* สุนัข.mp3 */,
				B865566C20985388000EED37 /* หมู.mp3 */,
			);
			path = Sounds;
			sourceTree = "<group>";
		};
		B85973B02095AB5F0067EBD3 = {
			isa = PBXGroup;
			children = (
				B85973BB2095AB5F0067EBD3 /* QuizeGame */,
				B85973BA2095AB5F0067EBD3 /* Products */,
			);
			sourceTree = "<group>";
		};
		B85973BA2095AB5F0067EBD3 /* Products */ = {
			isa = PBXGroup;
			children = (
				B85973B92095AB5F0067EBD3 /* QuizeGame.app */,
			);
			name = Products;
			sourceTree = "<group>";
		};
		B85973BB2095AB5F0067EBD3 /* QuizeGame */ = {
			isa = PBXGroup;
			children = (
				B857995320974BA200D46385 /* Sounds */,
				B84AB41F2097326A006A988C /* Datas */,
				B84AB41E209731D0006A988C /* Class */,
				B84AB41D209731B7006A988C /* Views */,
				B84AB41C2097318C006A988C /* Controllers */,
				B85973BC2095AB5F0067EBD3 /* AppDelegate.swift */,
				B85973C32095AB610067EBD3 /* Assets.xcassets */,
				B85973C82095AB610067EBD3 /* Info.plist */,
			);
			path = QuizeGame;
			sourceTree = "<group>";
		};
/* End PBXGroup section */

/* Begin PBXNativeTarget section */
		B85973B82095AB5F0067EBD3 /* QuizeGame */ = {
			isa = PBXNativeTarget;
			buildConfigurationList = B85973CB2095AB610067EBD3 /* Build configuration list for PBXNativeTarget "QuizeGame" */;
			buildPhases = (
				B85973B52095AB5F0067EBD3 /* Sources */,
				B85973B62095AB5F0067EBD3 /* Frameworks */,
				B85973B72095AB5F0067EBD3 /* Resources */,
			);
			buildRules = (
			);
			dependencies = (
			);
			name = QuizeGame;
			productName = QuizeGame;
			productReference = B85973B92095AB5F0067EBD3 /* QuizeGame.app */;
			productType = "com.apple.product-type.application";
		};
/* End PBXNativeTarget section */

/* Begin PBXProject section */
		B85973B12095AB5F0067EBD3 /* Project object */ = {
			isa = PBXProject;
			attributes = {
				LastSwiftUpdateCheck = 0930;
				LastUpgradeCheck = 0930;
				ORGANIZATIONNAME = "punyawee ";
				TargetAttributes = {
					B85973B82095AB5F0067EBD3 = {
						CreatedOnToolsVersion = 9.3;
					};
				};
			};
			buildConfigurationList = B85973B42095AB5F0067EBD3 /* Build configuration list for PBXProject "QuizeGame" */;
			compatibilityVersion = "Xcode 9.3";
			developmentRegion = en;
			hasScannedForEncodings = 0;
			knownRegions = (
				en,
				Base,
			);
			mainGroup = B85973B02095AB5F0067EBD3;
			productRefGroup = B85973BA2095AB5F0067EBD3 /* Products */;
			projectDirPath = "";
			projectRoot = "";
			targets = (
				B85973B82095AB5F0067EBD3 /* QuizeGame */,
			);
		};
/* End PBXProject section */

/* Begin PBXResourcesBuildPhase section */
		B85973B72095AB5F0067EBD3 /* Resources */ = {
			isa = PBXResourcesBuildPhase;
			buildActionMask = 2147483647;
			files = (
				B86556902098538A000EED37 /* ชักดาบ.mp3 in Resources */,
				B865567F2098538A000EED37 /* รถ.mp3 in Resources */,
				B865568C2098538A000EED37 /* สุนัข.mp3 in Resources */,
				B86556872098538A000EED37 /* ตีกลอง.mp3 in Resources */,
				B86556842098538A000EED37 /* ลิง.mp3 in Resources */,
				B85973C72095AB610067EBD3 /* LaunchScreen.storyboard in Resources */,
				B86556942098538A000EED37 /* วัว.mp3 in Resources */,
				B86556882098538A000EED37 /* รถเบรค.mp3 in Resources */,
				B865567E2098538A000EED37 /* ปิดประตู.mp3 in Resources */,
				B8B8560C209B17910078D584 /* SoundQuestion.storyboard in Resources */,
				B86556912098538A000EED37 /* ต่อสู้.mp3 in Resources */,
				B8B8560E209B17DE0078D584 /* FinishPlay.storyboard in Resources */,
				B86556922098538A000EED37 /* ม้า.mp3 in Resources */,
				B86556892098538A000EED37 /* แซ่.mp3 in Resources */,
				B865568F2098538A000EED37 /* สนุ๊กเกอร์.mp3 in Resources */,
				B865568B2098538A000EED37 /* คลื่น.mp3 in Resources */,
				B8B85609209B177A0078D584 /* ImageQuestion.storyboard in Resources */,
				B86556832098538A000EED37 /* หมู.mp3 in Resources */,
				B86556852098538A000EED37 /* นกฮูก.mp3 in Resources */,
				B85973C42095AB610067EBD3 /* Assets.xcassets in Resources */,
				B86556822098538A000EED37 /* เป็ด.mp3 in Resources */,
				B8B85607209B17390078D584 /* PrepareImageQuestion.storyboard in Resources */,
				B8B85605209B16560078D584 /* PrepareSoundQuestion.storyboard in Resources */,
				B86556812098538A000EED37 /* ช้าง.mp3 in Resources */,
				B85973C22095AB5F0067EBD3 /* Main.storyboard in Resources */,
				B865568E2098538A000EED37 /* แกะ.mp3 in Resources */,
				B86556802098538A000EED37 /* เครื่องบิน.mp3 in Resources */,
				B86556932098538A000EED37 /* ตีกอล์ฟ.mp3 in Resources */,
				B865568A2098538A000EED37 /* แมว.mp3 in Resources */,
				B86556862098538A000EED37 /* กบ.mp3 in Resources */,
			);
			runOnlyForDeploymentPostprocessing = 0;
		};
/* End PBXResourcesBuildPhase section */

/* Begin PBXSourcesBuildPhase section */
		B85973B52095AB5F0067EBD3 /* Sources */ = {
			isa = PBXSourcesBuildPhase;
			buildActionMask = 2147483647;
			files = (
				B85973D32095C14E0067EBD3 /* Question.swift in Sources */,
				B865566420984FE1000EED37 /* SoundQuestionViewController.swift in Sources */,
				B8655666209851F8000EED37 /* Pulsing.swift in Sources */,
				B85973CF2095B0840067EBD3 /* MenuCollectionViewController.swift in Sources */,
				B85973D52095CEA60067EBD3 /* FinishedImageQuestionViewController.swift in Sources */,
				B85973BF2095AB5F0067EBD3 /* ViewController.swift in Sources */,
				B85973D12095BC340067EBD3 /* ImageQuestionViewController.swift in Sources */,
				B85973D92095D6970067EBD3 /* RightToLeftSegue.swift in Sources */,
				B85973BD2095AB5F0067EBD3 /* AppDelegate.swift in Sources */,
				B84AB421209732B6006A988C /* QuestionData.swift in Sources */,
			);
			runOnlyForDeploymentPostprocessing = 0;
		};
/* End PBXSourcesBuildPhase section */

/* Begin PBXVariantGroup section */
		B85973C02095AB5F0067EBD3 /* Main.storyboard */ = {
			isa = PBXVariantGroup;
			children = (
				B85973C12095AB5F0067EBD3 /* Base */,
			);
			name = Main.storyboard;
			sourceTree = "<group>";
		};
		B85973C52095AB610067EBD3 /* LaunchScreen.storyboard */ = {
			isa = PBXVariantGroup;
			children = (
				B85973C62095AB610067EBD3 /* Base */,
			);
			name = LaunchScreen.storyboard;
			sourceTree = "<group>";
		};
		B8B85603209B16560078D584 /* PrepareSoundQuestion.storyboard */ = {
			isa = PBXVariantGroup;
			children = (
				B8B85604209B16560078D584 /* Base */,
			);
			name = PrepareSoundQuestion.storyboard;
			sourceTree = "<group>";
		};
		B8B8560A209B17910078D584 /* SoundQuestion.storyboard */ = {
			isa = PBXVariantGroup;
			children = (
				B8B8560B209B17910078D584 /* Base */,
			);
			name = SoundQuestion.storyboard;
			sourceTree = "<group>";
		};
/* End PBXVariantGroup section */

/* Begin XCBuildConfiguration section */
		B85973C92095AB610067EBD3 /* Debug */ = {
			isa = XCBuildConfiguration;
			buildSettings = {
				ALWAYS_SEARCH_USER_PATHS = NO;
				CLANG_ANALYZER_NONNULL = YES;
				CLANG_ANALYZER_NUMBER_OBJECT_CONVERSION = YES_AGGRESSIVE;
				CLANG_CXX_LANGUAGE_STANDARD = "gnu++14";
				CLANG_CXX_LIBRARY = "libc++";
				CLANG_ENABLE_MODULES = YES;
				CLANG_ENABLE_OBJC_ARC = YES;
				CLANG_ENABLE_OBJC_WEAK = YES;
				CLANG_WARN_BLOCK_CAPTURE_AUTORELEASING = YES;
				CLANG_WARN_BOOL_CONVERSION = YES;
				CLANG_WARN_COMMA = YES;
				CLANG_WARN_CONSTANT_CONVERSION = YES;
				CLANG_WARN_DEPRECATED_OBJC_IMPLEMENTATIONS = YES;
				CLANG_WARN_DIRECT_OBJC_ISA_USAGE = YES_ERROR;
				CLANG_WARN_DOCUMENTATION_COMMENTS = YES;
				CLANG_WARN_EMPTY_BODY = YES;
				CLANG_WARN_ENUM_CONVERSION = YES;
				CLANG_WARN_INFINITE_RECURSION = YES;
				CLANG_WARN_INT_CONVERSION = YES;
				CLANG_WARN_NON_LITERAL_NULL_CONVERSION = YES;
				CLANG_WARN_OBJC_IMPLICIT_RETAIN_SELF = YES;
				CLANG_WARN_OBJC_LITERAL_CONVERSION = YES;
				CLANG_WARN_OBJC_ROOT_CLASS = YES_ERROR;
				CLANG_WARN_RANGE_LOOP_ANALYSIS = YES;
				CLANG_WARN_STRICT_PROTOTYPES = YES;
				CLANG_WARN_SUSPICIOUS_MOVE = YES;
				CLANG_WARN_UNGUARDED_AVAILABILITY = YES_AGGRESSIVE;
				CLANG_WARN_UNREACHABLE_CODE = YES;
				CLANG_WARN__DUPLICATE_METHOD_MATCH = YES;
				CODE_SIGN_IDENTITY = "iPhone Developer";
				COPY_PHASE_STRIP = NO;
				DEBUG_INFORMATION_FORMAT = dwarf;
				ENABLE_STRICT_OBJC_MSGSEND = YES;
				ENABLE_TESTABILITY = YES;
				GCC_C_LANGUAGE_STANDARD = gnu11;
				GCC_DYNAMIC_NO_PIC = NO;
				GCC_NO_COMMON_BLOCKS = YES;
				GCC_OPTIMIZATION_LEVEL = 0;
				GCC_PREPROCESSOR_DEFINITIONS = (
					"DEBUG=1",
					"$(inherited)",
				);
				GCC_WARN_64_TO_32_BIT_CONVERSION = YES;
				GCC_WARN_ABOUT_RETURN_TYPE = YES_ERROR;
				GCC_WARN_UNDECLARED_SELECTOR = YES;
				GCC_WARN_UNINITIALIZED_AUTOS = YES_AGGRESSIVE;
				GCC_WARN_UNUSED_FUNCTION = YES;
				GCC_WARN_UNUSED_VARIABLE = YES;
				IPHONEOS_DEPLOYMENT_TARGET = 11.3;
				MTL_ENABLE_DEBUG_INFO = YES;
				ONLY_ACTIVE_ARCH = YES;
				SDKROOT = iphoneos;
				SWIFT_ACTIVE_COMPILATION_CONDITIONS = DEBUG;
				SWIFT_OPTIMIZATION_LEVEL = "-Onone";
			};
			name = Debug;
		};
		B85973CA2095AB610067EBD3 /* Release */ = {
			isa = XCBuildConfiguration;
			buildSettings = {
				ALWAYS_SEARCH_USER_PATHS = NO;
				CLANG_ANALYZER_NONNULL = YES;
				CLANG_ANALYZER_NUMBER_OBJECT_CONVERSION = YES_AGGRESSIVE;
				CLANG_CXX_LANGUAGE_STANDARD = "gnu++14";
				CLANG_CXX_LIBRARY = "libc++";
				CLANG_ENABLE_MODULES = YES;
				CLANG_ENABLE_OBJC_ARC = YES;
				CLANG_ENABLE_OBJC_WEAK = YES;
				CLANG_WARN_BLOCK_CAPTURE_AUTORELEASING = YES;
				CLANG_WARN_BOOL_CONVERSION = YES;
				CLANG_WARN_COMMA = YES;
				CLANG_WARN_CONSTANT_CONVERSION = YES;
				CLANG_WARN_DEPRECATED_OBJC_IMPLEMENTATIONS = YES;
				CLANG_WARN_DIRECT_OBJC_ISA_USAGE = YES_ERROR;
				CLANG_WARN_DOCUMENTATION_COMMENTS = YES;
				CLANG_WARN_EMPTY_BODY = YES;
				CLANG_WARN_ENUM_CONVERSION = YES;
				CLANG_WARN_INFINITE_RECURSION = YES;
				CLANG_WARN_INT_CONVERSION = YES;
				CLANG_WARN_NON_LITERAL_NULL_CONVERSION = YES;
				CLANG_WARN_OBJC_IMPLICIT_RETAIN_SELF = YES;
				CLANG_WARN_OBJC_LITERAL_CONVERSION = YES;
				CLANG_WARN_OBJC_ROOT_CLASS = YES_ERROR;
				CLANG_WARN_RANGE_LOOP_ANALYSIS = YES;
				CLANG_WARN_STRICT_PROTOTYPES = YES;
				CLANG_WARN_SUSPICIOUS_MOVE = YES;
				CLANG_WARN_UNGUARDED_AVAILABILITY = YES_AGGRESSIVE;
				CLANG_WARN_UNREACHABLE_CODE = YES;
				CLANG_WARN__DUPLICATE_METHOD_MATCH = YES;
				CODE_SIGN_IDENTITY = "iPhone Developer";
				COPY_PHASE_STRIP = NO;
				DEBUG_INFORMATION_FORMAT = "dwarf-with-dsym";
				ENABLE_NS_ASSERTIONS = NO;
				ENABLE_STRICT_OBJC_MSGSEND = YES;
				GCC_C_LANGUAGE_STANDARD = gnu11;
				GCC_NO_COMMON_BLOCKS = YES;
				GCC_WARN_64_TO_32_BIT_CONVERSION = YES;
				GCC_WARN_ABOUT_RETURN_TYPE = YES_ERROR;
				GCC_WARN_UNDECLARED_SELECTOR = YES;
				GCC_WARN_UNINITIALIZED_AUTOS = YES_AGGRESSIVE;
				GCC_WARN_UNUSED_FUNCTION = YES;
				GCC_WARN_UNUSED_VARIABLE = YES;
				IPHONEOS_DEPLOYMENT_TARGET = 11.3;
				MTL_ENABLE_DEBUG_INFO = NO;
				SDKROOT = iphoneos;
				SWIFT_COMPILATION_MODE = wholemodule;
				SWIFT_OPTIMIZATION_LEVEL = "-O";
				VALIDATE_PRODUCT = YES;
			};
			name = Release;
		};
		B85973CC2095AB610067EBD3 /* Debug */ = {
			isa = XCBuildConfiguration;
			buildSettings = {
				ASSETCATALOG_COMPILER_APPICON_NAME = AppIcon;
				CODE_SIGN_STYLE = Automatic;
				INFOPLIST_FILE = QuizeGame/Info.plist;
				LD_RUNPATH_SEARCH_PATHS = (
					"$(inherited)",
					"@executable_path/Frameworks",
				);
				PRODUCT_BUNDLE_IDENTIFIER = max.QuizeGame;
				PRODUCT_NAME = "$(TARGET_NAME)";
				SWIFT_VERSION = 4.0;
				TARGETED_DEVICE_FAMILY = 1;
			};
			name = Debug;
		};
		B85973CD2095AB610067EBD3 /* Release */ = {
			isa = XCBuildConfiguration;
			buildSettings = {
				ASSETCATALOG_COMPILER_APPICON_NAME = AppIcon;
				CODE_SIGN_STYLE = Automatic;
				INFOPLIST_FILE = QuizeGame/Info.plist;
				LD_RUNPATH_SEARCH_PATHS = (
					"$(inherited)",
					"@executable_path/Frameworks",
				);
				PRODUCT_BUNDLE_IDENTIFIER = max.QuizeGame;
				PRODUCT_NAME = "$(TARGET_NAME)";
				SWIFT_VERSION = 4.0;
				TARGETED_DEVICE_FAMILY = 1;
			};
			name = Release;
		};
/* End XCBuildConfiguration section */

/* Begin XCConfigurationList section */
		B85973B42095AB5F0067EBD3 /* Build configuration list for PBXProject "QuizeGame" */ = {
			isa = XCConfigurationList;
			buildConfigurations = (
				B85973C92095AB610067EBD3 /* Debug */,
				B85973CA2095AB610067EBD3 /* Release */,
			);
			defaultConfigurationIsVisible = 0;
			defaultConfigurationName = Release;
		};
		B85973CB2095AB610067EBD3 /* Build configuration list for PBXNativeTarget "QuizeGame" */ = {
			isa = XCConfigurationList;
			buildConfigurations = (
				B85973CC2095AB610067EBD3 /* Debug */,
				B85973CD2095AB610067EBD3 /* Release */,
			);
			defaultConfigurationIsVisible = 0;
			defaultConfigurationName = Release;
		};
/* End XCConfigurationList section */
	};
	rootObject = B85973B12095AB5F0067EBD3 /* Project object */;
}
